PODS:
  - Flutter (1.0.0)
  - flutter_ali_feedback (0.0.1):
    - Flutter

DEPENDENCIES:
  - Flutter (from `Flutter`)
  - flutter_ali_feedback (from `.symlinks/plugins/flutter_ali_feedback/ios`)

EXTERNAL SOURCES:
  Flutter:
    :path: Flutter
  flutter_ali_feedback:
    :path: ".symlinks/plugins/flutter_ali_feedback/ios"

SPEC CHECKSUMS:
  Flutter: 0e3d915762c693b495b44d77113d4970485de6ec
  flutter_ali_feedback: 2f999af9f4a6bbabd2a4e227ed3169cea1ee3e32

PODFILE CHECKSUM: 62e8a8d9cc9d2081fb1968e4d71fd29fd4a9bb28

COCOAPODS: 1.9.1
